// !$*UTF8*$!
{
	archiveVersion = 1;
	classes = {
	};
	objectVersion = 77;
	objects = {

/* Begin PBXBuildFile section */
		4DC20FA6D8614B33B40C5DB3 /* TempScoreRowShowcase.swift in Sources */ = {isa = PBXBuildFile; fileRef = 2EADEA15A39A4A2E911AD6C8 /* TempScoreRowShowcase.swift */; };
		64C6F0F5FC38411D819C0BE3 /* UserManager.swift in Sources */ = {isa = PBXBuildFile; fileRef = 331336D4828944B798561421 /* UserManager.swift */; };
		A1B2C3D42DEFCAFE00000001 /* Card.swift in Sources */ = {isa = PBXBuildFile; fileRef = A1B2C3D32DEFCAFE00000001 /* Card.swift */; };
		ABCDE12345ABCDE12345ABCE /* GoalNames.swift in Sources */ = {isa = PBXBuildFile; fileRef = ABCDE12345ABCDE12345ABCD /* GoalNames.swift */; };
		B653C50B2DE22E7D001B905F /* Preview Assets.xcassets in Resources */ = {isa = PBXBuildFile; fileRef = B653C5032DE22E7D001B905F /* Preview Assets.xcassets */; };
		B653C50C2DE22E7D001B905F /* Assets.xcassets in Resources */ = {isa = PBXBuildFile; fileRef = B653C5002DE22E7D001B905F /* Assets.xcassets */; };
		B653C5312DE23D36001B905F /* MainTabView.swift in Sources */ = {isa = PBXBuildFile; fileRef = B653C5282DE23D36001B905F /* MainTabView.swift */; };
		B653C5322DE23D36001B905F /* WinTheDayViewModel.swift in Sources */ = {isa = PBXBuildFile; fileRef = B653C52E2DE23D36001B905F /* WinTheDayViewModel.swift */; };
		B653C53D2DE2403E001B905F /* WinTheDayView.swift in Sources */ = {isa = PBXBuildFile; fileRef = B653C53C2DE2403E001B905F /* WinTheDayView.swift */; };
		B653C53F2DE2407A001B905F /* TeamMember.swift in Sources */ = {isa = PBXBuildFile; fileRef = B653C53E2DE2407A001B905F /* TeamMember.swift */; };
		B653C5412DE2409D001B905F /* StudyGroupApp.swift in Sources */ = {isa = PBXBuildFile; fileRef = B653C5402DE2409D001B905F /* StudyGroupApp.swift */; };
		B653C54B2DE26ED8001B905F /* CloudKitManager.swift in Sources */ = {isa = PBXBuildFile; fileRef = B653C54A2DE26ED8001B905F /* CloudKitManager.swift */; };
		B653C54D2DE270A5001B905F /* UserSelectorView.swift in Sources */ = {isa = PBXBuildFile; fileRef = B653C54C2DE270A5001B905F /* UserSelectorView.swift */; };
		B6C560BE2DEFC65500F64256 /* LifeScoreboardView.swift in Sources */ = {isa = PBXBuildFile; fileRef = B6C560BD2DEFC65500F64256 /* LifeScoreboardView.swift */; };
		B6C560C02DEFC75800F64256 /* LifeScoreboardViewModel.swift in Sources */ = {isa = PBXBuildFile; fileRef = B6C560BF2DEFC75800F64256 /* LifeScoreboardViewModel.swift */; };
		B6C560C62DEFCC0E00F64256 /* ActivityEditorView.swift in Sources */ = {isa = PBXBuildFile; fileRef = B6C560C52DEFCC0E00F64256 /* ActivityEditorView.swift */; };
		B6CB206A2DE3D90A00CE7A18 /* LaunchScreenView.swift in Sources */ = {isa = PBXBuildFile; fileRef = B6CB20692DE3D90A00CE7A18 /* LaunchScreenView.swift */; };
		F24CB4DF149A4B09974A1B6C /* CodexNotes.swift in Sources */ = {isa = PBXBuildFile; fileRef = 12B75D2389F8474FB89FF01B /* CodexNotes.swift */; };
		FEED00012DEFCAFE00000002 /* SplashViewModel.swift in Sources */ = {isa = PBXBuildFile; fileRef = FEED00002DEFCAFE00000002 /* SplashViewModel.swift */; };
/* End PBXBuildFile section */

/* Begin PBXFileReference section */
		12B75D2389F8474FB89FF01B /* CodexNotes.swift */ = {isa = PBXFileReference; lastKnownFileType = sourcecode.swift; path = CodexNotes.swift; sourceTree = "<group>"; };
		2EADEA15A39A4A2E911AD6C8 /* TempScoreRowShowcase.swift */ = {isa = PBXFileReference; lastKnownFileType = sourcecode.swift; path = TempScoreRowShowcase.swift; sourceTree = "<group>"; };
		331336D4828944B798561421 /* UserManager.swift */ = {isa = PBXFileReference; lastKnownFileType = sourcecode.swift; path = UserManager.swift; sourceTree = "<group>"; };
		A1B2C3D32DEFCAFE00000001 /* Card.swift */ = {isa = PBXFileReference; lastKnownFileType = sourcecode.swift; path = Card.swift; sourceTree = "<group>"; };
		ABCDE12345ABCDE12345ABCD /* GoalNames.swift */ = {isa = PBXFileReference; lastKnownFileType = sourcecode.swift; path = GoalNames.swift; sourceTree = "<group>"; };
		B60BBEEA2DE53B8D00646B2F /* StudyGroupApp-Info.plist */ = {isa = PBXFileReference; lastKnownFileType = text.plist; path = "StudyGroupApp-Info.plist"; sourceTree = "<group>"; };
		B653C4F22DE22D8D001B905F /* StudyGroupApp.app */ = {isa = PBXFileReference; explicitFileType = wrapper.application; includeInIndex = 0; path = StudyGroupApp.app; sourceTree = BUILT_PRODUCTS_DIR; };
		B653C5002DE22E7D001B905F /* Assets.xcassets */ = {isa = PBXFileReference; lastKnownFileType = folder.assetcatalog; path = Assets.xcassets; sourceTree = "<group>"; };
		B653C5032DE22E7D001B905F /* Preview Assets.xcassets */ = {isa = PBXFileReference; lastKnownFileType = folder.assetcatalog; path = "Preview Assets.xcassets"; sourceTree = "<group>"; };
		B653C5282DE23D36001B905F /* MainTabView.swift */ = {isa = PBXFileReference; lastKnownFileType = sourcecode.swift; path = MainTabView.swift; sourceTree = "<group>"; };
		B653C52E2DE23D36001B905F /* WinTheDayViewModel.swift */ = {isa = PBXFileReference; lastKnownFileType = sourcecode.swift; path = WinTheDayViewModel.swift; sourceTree = "<group>"; };
		B653C5352DE23DAD001B905F /* Outcast.entitlements */ = {isa = PBXFileReference; lastKnownFileType = text.plist.entitlements; path = Outcast.entitlements; sourceTree = "<group>"; };
		B653C53B2DE2400B001B905F /* Outcast IOs.entitlements */ = {isa = PBXFileReference; lastKnownFileType = text.plist.entitlements; path = "Outcast IOs.entitlements"; sourceTree = "<group>"; };
		B653C53C2DE2403E001B905F /* WinTheDayView.swift */ = {isa = PBXFileReference; lastKnownFileType = sourcecode.swift; path = WinTheDayView.swift; sourceTree = "<group>"; };
		B653C53E2DE2407A001B905F /* TeamMember.swift */ = {isa = PBXFileReference; lastKnownFileType = sourcecode.swift; path = TeamMember.swift; sourceTree = "<group>"; };
		B653C5402DE2409D001B905F /* StudyGroupApp.swift */ = {isa = PBXFileReference; lastKnownFileType = sourcecode.swift; path = StudyGroupApp.swift; sourceTree = "<group>"; };
		B653C54A2DE26ED8001B905F /* CloudKitManager.swift */ = {isa = PBXFileReference; lastKnownFileType = sourcecode.swift; name = CloudKitManager.swift; path = ../CloudKitManager.swift; sourceTree = "<group>"; };
		B653C54C2DE270A5001B905F /* UserSelectorView.swift */ = {isa = PBXFileReference; lastKnownFileType = sourcecode.swift; path = UserSelectorView.swift; sourceTree = "<group>"; };
		B6C560BD2DEFC65500F64256 /* LifeScoreboardView.swift */ = {isa = PBXFileReference; lastKnownFileType = sourcecode.swift; path = LifeScoreboardView.swift; sourceTree = "<group>"; };
		B6C560BF2DEFC75800F64256 /* LifeScoreboardViewModel.swift */ = {isa = PBXFileReference; lastKnownFileType = sourcecode.swift; path = LifeScoreboardViewModel.swift; sourceTree = "<group>"; };
		B6C560C52DEFCC0E00F64256 /* ActivityEditorView.swift */ = {isa = PBXFileReference; lastKnownFileType = sourcecode.swift; path = ActivityEditorView.swift; sourceTree = "<group>"; };
		B6CB20682DE3B35B00CE7A18 /* StudyGroupApp.entitlements */ = {isa = PBXFileReference; lastKnownFileType = text.plist.entitlements; path = StudyGroupApp.entitlements; sourceTree = "<group>"; };
		B6CB20692DE3D90A00CE7A18 /* LaunchScreenView.swift */ = {isa = PBXFileReference; lastKnownFileType = sourcecode.swift; path = LaunchScreenView.swift; sourceTree = "<group>"; };
		FEED00002DEFCAFE00000002 /* SplashViewModel.swift */ = {isa = PBXFileReference; lastKnownFileType = sourcecode.swift; path = SplashViewModel.swift; sourceTree = "<group>"; };
/* End PBXFileReference section */

/* Begin PBXFrameworksBuildPhase section */
		B653C4EF2DE22D8D001B905F /* Frameworks */ = {
			isa = PBXFrameworksBuildPhase;
			buildActionMask = 2147483647;
			files = (
			);
			runOnlyForDeploymentPostprocessing = 0;
		};
/* End PBXFrameworksBuildPhase section */

/* Begin PBXGroup section */
		B653C4E92DE22D8D001B905F = {
			isa = PBXGroup;
			children = (
				B6C560BD2DEFC65500F64256 /* LifeScoreboardView.swift */,
				B6C560C52DEFCC0E00F64256 /* ActivityEditorView.swift */,
				B6C560BF2DEFC75800F64256 /* LifeScoreboardViewModel.swift */,
				B60BBEEA2DE53B8D00646B2F /* StudyGroupApp-Info.plist */,
				B6CB20692DE3D90A00CE7A18 /* LaunchScreenView.swift */,
				B6CB20682DE3B35B00CE7A18 /* StudyGroupApp.entitlements */,
				B653C54C2DE270A5001B905F /* UserSelectorView.swift */,
				B653C54A2DE26ED8001B905F /* CloudKitManager.swift */,
				FEED00002DEFCAFE00000002 /* SplashViewModel.swift */,
				331336D4828944B798561421 /* UserManager.swift */,
				B653C5282DE23D36001B905F /* MainTabView.swift */,
				B653C53E2DE2407A001B905F /* TeamMember.swift */,
				A1B2C3D32DEFCAFE00000001 /* Card.swift */,
				ABCDE12345ABCDE12345ABCD /* GoalNames.swift */,
				B653C52E2DE23D36001B905F /* WinTheDayViewModel.swift */,
				B653C4F32DE22D8D001B905F /* Products */,
				B653C5002DE22E7D001B905F /* Assets.xcassets */,
				B653C5042DE22E7D001B905F /* Preview Content */,
				B653C5352DE23DAD001B905F /* Outcast.entitlements */,
				B653C53B2DE2400B001B905F /* Outcast IOs.entitlements */,
				B653C5402DE2409D001B905F /* StudyGroupApp.swift */,
				B653C53C2DE2403E001B905F /* WinTheDayView.swift */,
				12B75D2389F8474FB89FF01B /* CodexNotes.swift */,
				2EADEA15A39A4A2E911AD6C8 /* TempScoreRowShowcase.swift */,
			);
			sourceTree = "<group>";
		};
		B653C4F32DE22D8D001B905F /* Products */ = {
			isa = PBXGroup;
			children = (
				B653C4F22DE22D8D001B905F /* StudyGroupApp.app */,
			);
			name = Products;
			sourceTree = "<group>";
		};
		B653C5042DE22E7D001B905F /* Preview Content */ = {
			isa = PBXGroup;
			children = (
				B653C5032DE22E7D001B905F /* Preview Assets.xcassets */,
			);
			path = "Preview Content";
			sourceTree = "<group>";
		};
/* End PBXGroup section */

/* Begin PBXNativeTarget section */
		B653C4F12DE22D8D001B905F /* StudyGroupApp */ = {
			isa = PBXNativeTarget;
			buildConfigurationList = B653C4FD2DE22D8E001B905F /* Build configuration list for PBXNativeTarget "StudyGroupApp" */;
			buildPhases = (
				B653C4EE2DE22D8D001B905F /* Sources */,
				B653C4EF2DE22D8D001B905F /* Frameworks */,
				B653C4F02DE22D8D001B905F /* Resources */,
			);
			buildRules = (
			);
			dependencies = (
			);
			name = StudyGroupApp;
			packageProductDependencies = (
			);
			productName = StudyGroupApp;
			productReference = B653C4F22DE22D8D001B905F /* StudyGroupApp.app */;
			productType = "com.apple.product-type.application";
		};
/* End PBXNativeTarget section */

/* Begin PBXProject section */
		B653C4EA2DE22D8D001B905F /* Project object */ = {
			isa = PBXProject;
			attributes = {
				BuildIndependentTargetsInParallel = 1;
				LastSwiftUpdateCheck = 1630;
				LastUpgradeCheck = 1630;
				TargetAttributes = {
					B653C4F12DE22D8D001B905F = {
						CreatedOnToolsVersion = 16.3;
					};
				};
			};
			buildConfigurationList = B653C4ED2DE22D8D001B905F /* Build configuration list for PBXProject "StudyGroupApp" */;
			developmentRegion = en;
			hasScannedForEncodings = 0;
			knownRegions = (
				en,
				Base,
			);
			mainGroup = B653C4E92DE22D8D001B905F;
			minimizedProjectReferenceProxies = 1;
			preferredProjectObjectVersion = 77;
			productRefGroup = B653C4F32DE22D8D001B905F /* Products */;
			projectDirPath = "";
			projectRoot = "";
			targets = (
				B653C4F12DE22D8D001B905F /* StudyGroupApp */,
			);
		};
/* End PBXProject section */

/* Begin PBXResourcesBuildPhase section */
		B653C4F02DE22D8D001B905F /* Resources */ = {
			isa = PBXResourcesBuildPhase;
			buildActionMask = 2147483647;
			files = (
				B653C50B2DE22E7D001B905F /* Preview Assets.xcassets in Resources */,
				B653C50C2DE22E7D001B905F /* Assets.xcassets in Resources */,
			);
			runOnlyForDeploymentPostprocessing = 0;
		};
/* End PBXResourcesBuildPhase section */

/* Begin PBXSourcesBuildPhase section */
		B653C4EE2DE22D8D001B905F /* Sources */ = {
			isa = PBXSourcesBuildPhase;
			buildActionMask = 2147483647;
			files = (
				B6C560C02DEFC75800F64256 /* LifeScoreboardViewModel.swift in Sources */,
				B653C54B2DE26ED8001B905F /* CloudKitManager.swift in Sources */,
				FEED00012DEFCAFE00000002 /* SplashViewModel.swift in Sources */,
				64C6F0F5FC38411D819C0BE3 /* UserManager.swift in Sources */,
				B653C5412DE2409D001B905F /* StudyGroupApp.swift in Sources */,
				B653C53D2DE2403E001B905F /* WinTheDayView.swift in Sources */,
				B653C53F2DE2407A001B905F /* TeamMember.swift in Sources */,
				A1B2C3D42DEFCAFE00000001 /* Card.swift in Sources */,
				ABCDE12345ABCDE12345ABCE /* GoalNames.swift in Sources */,
				B653C5312DE23D36001B905F /* MainTabView.swift in Sources */,
				B653C5322DE23D36001B905F /* WinTheDayViewModel.swift in Sources */,
				B653C54D2DE270A5001B905F /* UserSelectorView.swift in Sources */,
				B6C560BE2DEFC65500F64256 /* LifeScoreboardView.swift in Sources */,
				B6C560C62DEFCC0E00F64256 /* ActivityEditorView.swift in Sources */,
				B6CB206A2DE3D90A00CE7A18 /* LaunchScreenView.swift in Sources */,
				F24CB4DF149A4B09974A1B6C /* CodexNotes.swift in Sources */,
				4DC20FA6D8614B33B40C5DB3 /* TempScoreRowShowcase.swift in Sources */,
			);
			runOnlyForDeploymentPostprocessing = 0;
		};
/* End PBXSourcesBuildPhase section */

/* Begin XCBuildConfiguration section */
		B653C4FB2DE22D8E001B905F /* Debug */ = {
			isa = XCBuildConfiguration;
			buildSettings = {
				ALWAYS_SEARCH_USER_PATHS = NO;
				ASSETCATALOG_COMPILER_GENERATE_SWIFT_ASSET_SYMBOL_EXTENSIONS = YES;
				CLANG_ANALYZER_NONNULL = YES;
				CLANG_ANALYZER_NUMBER_OBJECT_CONVERSION = YES_AGGRESSIVE;
				CLANG_CXX_LANGUAGE_STANDARD = "gnu++20";
				CLANG_ENABLE_MODULES = YES;
				CLANG_ENABLE_OBJC_ARC = YES;
				CLANG_ENABLE_OBJC_WEAK = YES;
				CLANG_WARN_BLOCK_CAPTURE_AUTORELEASING = YES;
				CLANG_WARN_BOOL_CONVERSION = YES;
				CLANG_WARN_COMMA = YES;
				CLANG_WARN_CONSTANT_CONVERSION = YES;
				CLANG_WARN_DEPRECATED_OBJC_IMPLEMENTATIONS = YES;
				CLANG_WARN_DIRECT_OBJC_ISA_USAGE = YES_ERROR;
				CLANG_WARN_DOCUMENTATION_COMMENTS = YES;
				CLANG_WARN_EMPTY_BODY = YES;
				CLANG_WARN_ENUM_CONVERSION = YES;
				CLANG_WARN_INFINITE_RECURSION = YES;
				CLANG_WARN_INT_CONVERSION = YES;
				CLANG_WARN_NON_LITERAL_NULL_CONVERSION = YES;
				CLANG_WARN_OBJC_IMPLICIT_RETAIN_SELF = YES;
				CLANG_WARN_OBJC_LITERAL_CONVERSION = YES;
				CLANG_WARN_OBJC_ROOT_CLASS = YES_ERROR;
				CLANG_WARN_QUOTED_INCLUDE_IN_FRAMEWORK_HEADER = YES;
				CLANG_WARN_RANGE_LOOP_ANALYSIS = YES;
				CLANG_WARN_STRICT_PROTOTYPES = YES;
				CLANG_WARN_SUSPICIOUS_MOVE = YES;
				CLANG_WARN_UNGUARDED_AVAILABILITY = YES_AGGRESSIVE;
				CLANG_WARN_UNREACHABLE_CODE = YES;
				CLANG_WARN__DUPLICATE_METHOD_MATCH = YES;
				COPY_PHASE_STRIP = NO;
				DEBUG_INFORMATION_FORMAT = dwarf;
				DEVELOPMENT_TEAM = 9VBRJ595EC;
				ENABLE_STRICT_OBJC_MSGSEND = YES;
				ENABLE_TESTABILITY = YES;
				ENABLE_USER_SCRIPT_SANDBOXING = YES;
				GCC_C_LANGUAGE_STANDARD = gnu17;
				GCC_DYNAMIC_NO_PIC = NO;
				GCC_NO_COMMON_BLOCKS = YES;
				GCC_OPTIMIZATION_LEVEL = 0;
				GCC_PREPROCESSOR_DEFINITIONS = (
					"DEBUG=1",
					"$(inherited)",
				);
				GCC_WARN_64_TO_32_BIT_CONVERSION = YES;
				GCC_WARN_ABOUT_RETURN_TYPE = YES_ERROR;
				GCC_WARN_UNDECLARED_SELECTOR = YES;
				GCC_WARN_UNINITIALIZED_AUTOS = YES_AGGRESSIVE;
				GCC_WARN_UNUSED_FUNCTION = YES;
				GCC_WARN_UNUSED_VARIABLE = YES;
				IPHONEOS_DEPLOYMENT_TARGET = 18.4;
				LOCALIZATION_PREFERS_STRING_CATALOGS = YES;
				MTL_ENABLE_DEBUG_INFO = INCLUDE_SOURCE;
				MTL_FAST_MATH = YES;
				ONLY_ACTIVE_ARCH = YES;
				SDKROOT = iphoneos;
				SWIFT_ACTIVE_COMPILATION_CONDITIONS = "DEBUG $(inherited)";
				SWIFT_OPTIMIZATION_LEVEL = "-Onone";
			};
			name = Debug;
		};
		B653C4FC2DE22D8E001B905F /* Release */ = {
			isa = XCBuildConfiguration;
			buildSettings = {
				ALWAYS_SEARCH_USER_PATHS = NO;
				ASSETCATALOG_COMPILER_GENERATE_SWIFT_ASSET_SYMBOL_EXTENSIONS = YES;
				CLANG_ANALYZER_NONNULL = YES;
				CLANG_ANALYZER_NUMBER_OBJECT_CONVERSION = YES_AGGRESSIVE;
				CLANG_CXX_LANGUAGE_STANDARD = "gnu++20";
				CLANG_ENABLE_MODULES = YES;
				CLANG_ENABLE_OBJC_ARC = YES;
				CLANG_ENABLE_OBJC_WEAK = YES;
				CLANG_WARN_BLOCK_CAPTURE_AUTORELEASING = YES;
				CLANG_WARN_BOOL_CONVERSION = YES;
				CLANG_WARN_COMMA = YES;
				CLANG_WARN_CONSTANT_CONVERSION = YES;
				CLANG_WARN_DEPRECATED_OBJC_IMPLEMENTATIONS = YES;
				CLANG_WARN_DIRECT_OBJC_ISA_USAGE = YES_ERROR;
				CLANG_WARN_DOCUMENTATION_COMMENTS = YES;
				CLANG_WARN_EMPTY_BODY = YES;
				CLANG_WARN_ENUM_CONVERSION = YES;
				CLANG_WARN_INFINITE_RECURSION = YES;
				CLANG_WARN_INT_CONVERSION = YES;
				CLANG_WARN_NON_LITERAL_NULL_CONVERSION = YES;
				CLANG_WARN_OBJC_IMPLICIT_RETAIN_SELF = YES;
				CLANG_WARN_OBJC_LITERAL_CONVERSION = YES;
				CLANG_WARN_OBJC_ROOT_CLASS = YES_ERROR;
				CLANG_WARN_QUOTED_INCLUDE_IN_FRAMEWORK_HEADER = YES;
				CLANG_WARN_RANGE_LOOP_ANALYSIS = YES;
				CLANG_WARN_STRICT_PROTOTYPES = YES;
				CLANG_WARN_SUSPICIOUS_MOVE = YES;
				CLANG_WARN_UNGUARDED_AVAILABILITY = YES_AGGRESSIVE;
				CLANG_WARN_UNREACHABLE_CODE = YES;
				CLANG_WARN__DUPLICATE_METHOD_MATCH = YES;
				COPY_PHASE_STRIP = NO;
				DEBUG_INFORMATION_FORMAT = "dwarf-with-dsym";
				DEVELOPMENT_TEAM = 9VBRJ595EC;
				ENABLE_NS_ASSERTIONS = NO;
				ENABLE_STRICT_OBJC_MSGSEND = YES;
				ENABLE_USER_SCRIPT_SANDBOXING = YES;
				GCC_C_LANGUAGE_STANDARD = gnu17;
				GCC_NO_COMMON_BLOCKS = YES;
				GCC_WARN_64_TO_32_BIT_CONVERSION = YES;
				GCC_WARN_ABOUT_RETURN_TYPE = YES_ERROR;
				GCC_WARN_UNDECLARED_SELECTOR = YES;
				GCC_WARN_UNINITIALIZED_AUTOS = YES_AGGRESSIVE;
				GCC_WARN_UNUSED_FUNCTION = YES;
				GCC_WARN_UNUSED_VARIABLE = YES;
				IPHONEOS_DEPLOYMENT_TARGET = 18.4;
				LOCALIZATION_PREFERS_STRING_CATALOGS = YES;
				MTL_ENABLE_DEBUG_INFO = NO;
				MTL_FAST_MATH = YES;
				SDKROOT = iphoneos;
				SWIFT_COMPILATION_MODE = wholemodule;
				VALIDATE_PRODUCT = YES;
			};
			name = Release;
		};
		B653C4FE2DE22D8E001B905F /* Debug */ = {
			isa = XCBuildConfiguration;
			buildSettings = {
				ASSETCATALOG_COMPILER_APPICON_NAME = AppIcon;
				ASSETCATALOG_COMPILER_GLOBAL_ACCENT_COLOR_NAME = AccentColor;
				CODE_SIGN_ENTITLEMENTS = StudyGroupApp.entitlements;
				CODE_SIGN_STYLE = Automatic;
				CURRENT_PROJECT_VERSION = 2.0.0;
				DEVELOPMENT_TEAM = 9VBRJ595EC;
				ENABLE_PREVIEWS = YES;
				GENERATE_INFOPLIST_FILE = YES;
				INFOPLIST_FILE = "StudyGroupApp-Info.plist";
				INFOPLIST_KEY_UIApplicationSceneManifest_Generation = YES;
				INFOPLIST_KEY_UIApplicationSupportsIndirectInputEvents = YES;
				INFOPLIST_KEY_UISupportedInterfaceOrientations_iPad = "UIInterfaceOrientationPortrait UIInterfaceOrientationPortraitUpsideDown UIInterfaceOrientationLandscapeLeft UIInterfaceOrientationLandscapeRight";
				INFOPLIST_KEY_UISupportedInterfaceOrientations_iPhone = "UIInterfaceOrientationPortrait UIInterfaceOrientationLandscapeLeft UIInterfaceOrientationLandscapeRight";
				IPHONEOS_DEPLOYMENT_TARGET = 15.6;
				LD_RUNPATH_SEARCH_PATHS = (
					"$(inherited)",
					"@executable_path/Frameworks",
				);
				MARKETING_VERSION = 2.0;
				PRODUCT_BUNDLE_IDENTIFIER = com.dj.StudyGroupApp;
				PRODUCT_NAME = "$(TARGET_NAME)";
				SWIFT_EMIT_LOC_STRINGS = YES;
				SWIFT_VERSION = 5.0;
				TARGETED_DEVICE_FAMILY = "1,2";
			};
			name = Debug;
		};
		B653C4FF2DE22D8E001B905F /* Release */ = {
			isa = XCBuildConfiguration;
			buildSettings = {
				ASSETCATALOG_COMPILER_APPICON_NAME = AppIcon;
				ASSETCATALOG_COMPILER_GLOBAL_ACCENT_COLOR_NAME = AccentColor;
				CODE_SIGN_ENTITLEMENTS = StudyGroupApp.entitlements;
				CODE_SIGN_STYLE = Automatic;
				CURRENT_PROJECT_VERSION = 2.0.0;
				DEVELOPMENT_TEAM = 9VBRJ595EC;
				ENABLE_PREVIEWS = YES;
				GENERATE_INFOPLIST_FILE = YES;
				INFOPLIST_FILE = "StudyGroupApp-Info.plist";
				INFOPLIST_KEY_UIApplicationSceneManifest_Generation = YES;
				INFOPLIST_KEY_UIApplicationSupportsIndirectInputEvents = YES;
				INFOPLIST_KEY_UISupportedInterfaceOrientations_iPad = "UIInterfaceOrientationPortrait UIInterfaceOrientationPortraitUpsideDown UIInterfaceOrientationLandscapeLeft UIInterfaceOrientationLandscapeRight";
				INFOPLIST_KEY_UISupportedInterfaceOrientations_iPhone = "UIInterfaceOrientationPortrait UIInterfaceOrientationLandscapeLeft UIInterfaceOrientationLandscapeRight";
				IPHONEOS_DEPLOYMENT_TARGET = 15.6;
				LD_RUNPATH_SEARCH_PATHS = (
					"$(inherited)",
					"@executable_path/Frameworks",
				);
				MARKETING_VERSION = 2.0;
				PRODUCT_BUNDLE_IDENTIFIER = com.dj.StudyGroupApp;
				PRODUCT_NAME = "$(TARGET_NAME)";
				SWIFT_EMIT_LOC_STRINGS = YES;
				SWIFT_VERSION = 5.0;
				TARGETED_DEVICE_FAMILY = "1,2";
			};
			name = Release;
		};
/* End XCBuildConfiguration section */

/* Begin XCConfigurationList section */
		B653C4ED2DE22D8D001B905F /* Build configuration list for PBXProject "StudyGroupApp" */ = {
			isa = XCConfigurationList;
			buildConfigurations = (
				B653C4FB2DE22D8E001B905F /* Debug */,
				B653C4FC2DE22D8E001B905F /* Release */,
			);
			defaultConfigurationIsVisible = 0;
			defaultConfigurationName = Release;
		};
		B653C4FD2DE22D8E001B905F /* Build configuration list for PBXNativeTarget "StudyGroupApp" */ = {
			isa = XCConfigurationList;
			buildConfigurations = (
				B653C4FE2DE22D8E001B905F /* Debug */,
				B653C4FF2DE22D8E001B905F /* Release */,
			);
			defaultConfigurationIsVisible = 0;
			defaultConfigurationName = Release;
		};
/* End XCConfigurationList section */
	};
	rootObject = B653C4EA2DE22D8D001B905F /* Project object */;
}
