// !$*UTF8*$!
{
	archiveVersion = 1;
	classes = {
	};
	objectVersion = 77;
	objects = {

/* Begin PBXBuildFile section */
		B64453E42DCC4646002D4FCB /* CloudKitManager.swift in Sources */ = {isa = PBXBuildFile; fileRef = B64453E32DCC4646002D4FCB /* CloudKitManager.swift */; };
		B6C200132DCD8706007D7BF6 /* CloudKitProbeView.swift in Sources */ = {isa = PBXBuildFile; fileRef = B6C200122DCD8706007D7BF6 /* CloudKitProbeView.swift */; };
		B6C200152DCD88C5007D7BF6 /* CloudKitTestPusher.swift in Sources */ = {isa = PBXBuildFile; fileRef = B6C200142DCD88C5007D7BF6 /* CloudKitTestPusher.swift */; };
		B6C200172DCEDE53007D7BF6 /* CloudKitDebugView.swift in Sources */ = {isa = PBXBuildFile; fileRef = B6C200162DCEDE53007D7BF6 /* CloudKitDebugView.swift */; };
		B6CCF3E72DD0FB3D00EFF960 /* TeamMember.swift in Sources */ = {isa = PBXBuildFile; fileRef = B6CCF3E62DD0FB3D00EFF960 /* TeamMember.swift */; };
		B6DC8C932DD0271A0018BC57 /* StudyGroupApp.swift in Sources */ = {isa = PBXBuildFile; fileRef = B6DC8C922DD0271A0018BC57 /* StudyGroupApp.swift */; };
		B6FDF9F82DC7EB5E00F4A0CF /* WinTheDayViewModel.swift in Sources */ = {isa = PBXBuildFile; fileRef = B6FDF9F62DC7EB5E00F4A0CF /* WinTheDayViewModel.swift */; };
		B6FDF9F92DC7EB5E00F4A0CF /* WinTheDayView.swift in Sources */ = {isa = PBXBuildFile; fileRef = B6FDF9F52DC7EB5E00F4A0CF /* WinTheDayView.swift */; };
		B6FDF9FC2DC7F05200F4A0CF /* Assets.xcassets in Resources */ = {isa = PBXBuildFile; fileRef = B6FDF9FB2DC7F05200F4A0CF /* Assets.xcassets */; };
/* End PBXBuildFile section */

/* Begin PBXFileReference section */
		B64453E32DCC4646002D4FCB /* CloudKitManager.swift */ = {isa = PBXFileReference; lastKnownFileType = sourcecode.swift; path = CloudKitManager.swift; sourceTree = "<group>"; };
		B66E7C912DCC3F2000E40D91 /* Outcast.entitlements */ = {isa = PBXFileReference; lastKnownFileType = text.plist.entitlements; name = Outcast.entitlements; path = Outcast/Outcast.entitlements; sourceTree = "<group>"; };
		B6C200122DCD8706007D7BF6 /* CloudKitProbeView.swift */ = {isa = PBXFileReference; lastKnownFileType = sourcecode.swift; path = CloudKitProbeView.swift; sourceTree = "<group>"; };
		B6C200142DCD88C5007D7BF6 /* CloudKitTestPusher.swift */ = {isa = PBXFileReference; lastKnownFileType = sourcecode.swift; path = CloudKitTestPusher.swift; sourceTree = "<group>"; };
		B6C200162DCEDE53007D7BF6 /* CloudKitDebugView.swift */ = {isa = PBXFileReference; lastKnownFileType = sourcecode.swift; path = CloudKitDebugView.swift; sourceTree = "<group>"; };
		B6C200182DCEE5B5007D7BF6 /* Outcast.entitlements */ = {isa = PBXFileReference; lastKnownFileType = text.plist.entitlements; path = Outcast.entitlements; sourceTree = "<group>"; };
		B6CCF3E62DD0FB3D00EFF960 /* TeamMember.swift */ = {isa = PBXFileReference; lastKnownFileType = sourcecode.swift; path = TeamMember.swift; sourceTree = "<group>"; };
		B6DC8C922DD0271A0018BC57 /* StudyGroupApp.swift */ = {isa = PBXFileReference; lastKnownFileType = sourcecode.swift; path = StudyGroupApp.swift; sourceTree = "<group>"; };
		B6FDF9CE2DC7E1BD00F4A0CF /* Outcast.app */ = {isa = PBXFileReference; explicitFileType = wrapper.application; includeInIndex = 0; path = Outcast.app; sourceTree = BUILT_PRODUCTS_DIR; };
		B6FDF9F32DC7EB5E00F4A0CF /* Outcast IOs.entitlements */ = {isa = PBXFileReference; lastKnownFileType = text.plist.entitlements; name = "Outcast IOs.entitlements"; path = "Outcast/Outcast IOs.entitlements"; sourceTree = "<group>"; };
		B6FDF9F52DC7EB5E00F4A0CF /* WinTheDayView.swift */ = {isa = PBXFileReference; lastKnownFileType = sourcecode.swift; name = WinTheDayView.swift; path = Outcast/WinTheDayView.swift; sourceTree = "<group>"; };
		B6FDF9F62DC7EB5E00F4A0CF /* WinTheDayViewModel.swift */ = {isa = PBXFileReference; lastKnownFileType = sourcecode.swift; name = WinTheDayViewModel.swift; path = Outcast/WinTheDayViewModel.swift; sourceTree = "<group>"; };
		B6FDF9FB2DC7F05200F4A0CF /* Assets.xcassets */ = {isa = PBXFileReference; lastKnownFileType = folder.assetcatalog; name = Assets.xcassets; path = Outcast/Assets.xcassets; sourceTree = "<group>"; };
/* End PBXFileReference section */

/* Begin PBXFrameworksBuildPhase section */
		B6FDF9CB2DC7E1BD00F4A0CF /* Frameworks */ = {
			isa = PBXFrameworksBuildPhase;
			buildActionMask = 2147483647;
			files = (
			);
			runOnlyForDeploymentPostprocessing = 0;
		};
/* End PBXFrameworksBuildPhase section */

/* Begin PBXGroup section */
		B6FDF9C52DC7E1BD00F4A0CF = {
			isa = PBXGroup;
			children = (
				B6CCF3E62DD0FB3D00EFF960 /* TeamMember.swift */,
				B6DC8C922DD0271A0018BC57 /* StudyGroupApp.swift */,
				B6C200182DCEE5B5007D7BF6 /* Outcast.entitlements */,
				B6C200162DCEDE53007D7BF6 /* CloudKitDebugView.swift */,
				B6C200122DCD8706007D7BF6 /* CloudKitProbeView.swift */,
				B64453E32DCC4646002D4FCB /* CloudKitManager.swift */,
				B66E7C912DCC3F2000E40D91 /* Outcast.entitlements */,
				B6FDF9FB2DC7F05200F4A0CF /* Assets.xcassets */,
				B6FDF9CF2DC7E1BD00F4A0CF /* Products */,
				B6FDF9F32DC7EB5E00F4A0CF /* Outcast IOs.entitlements */,
				B6C200142DCD88C5007D7BF6 /* CloudKitTestPusher.swift */,
				B6FDF9F52DC7EB5E00F4A0CF /* WinTheDayView.swift */,
				B6FDF9F62DC7EB5E00F4A0CF /* WinTheDayViewModel.swift */,
			);
			sourceTree = "<group>";
		};
		B6FDF9CF2DC7E1BD00F4A0CF /* Products */ = {
			isa = PBXGroup;
			children = (
				B6FDF9CE2DC7E1BD00F4A0CF /* Outcast.app */,
			);
			name = Products;
			sourceTree = "<group>";
		};
/* End PBXGroup section */

/* Begin PBXNativeTarget section */
		B6FDF9CD2DC7E1BD00F4A0CF /* Outcast */ = {
			isa = PBXNativeTarget;
			buildConfigurationList = B6FDF9D92DC7E1BD00F4A0CF /* Build configuration list for PBXNativeTarget "Outcast" */;
			buildPhases = (
				B6FDF9CA2DC7E1BD00F4A0CF /* Sources */,
				B6FDF9CB2DC7E1BD00F4A0CF /* Frameworks */,
				B6FDF9CC2DC7E1BD00F4A0CF /* Resources */,
			);
			buildRules = (
			);
			dependencies = (
			);
			name = Outcast;
			packageProductDependencies = (
			);
			productName = Outcast;
			productReference = B6FDF9CE2DC7E1BD00F4A0CF /* Outcast.app */;
			productType = "com.apple.product-type.application";
		};
/* End PBXNativeTarget section */

/* Begin PBXProject section */
		B6FDF9C62DC7E1BD00F4A0CF /* Project object */ = {
			isa = PBXProject;
			attributes = {
				BuildIndependentTargetsInParallel = 1;
				LastSwiftUpdateCheck = 1630;
				LastUpgradeCheck = 1630;
				TargetAttributes = {
					B6FDF9CD2DC7E1BD00F4A0CF = {
						CreatedOnToolsVersion = 16.3;
						LastSwiftMigration = 1630;
					};
				};
			};
			buildConfigurationList = B6FDF9C92DC7E1BD00F4A0CF /* Build configuration list for PBXProject "Outcast" */;
			developmentRegion = en;
			hasScannedForEncodings = 0;
			knownRegions = (
				en,
				Base,
			);
			mainGroup = B6FDF9C52DC7E1BD00F4A0CF;
			minimizedProjectReferenceProxies = 1;
			preferredProjectObjectVersion = 77;
			productRefGroup = B6FDF9CF2DC7E1BD00F4A0CF /* Products */;
			projectDirPath = "";
			projectRoot = "";
			targets = (
				B6FDF9CD2DC7E1BD00F4A0CF /* Outcast */,
			);
		};
/* End PBXProject section */

/* Begin PBXResourcesBuildPhase section */
		B6FDF9CC2DC7E1BD00F4A0CF /* Resources */ = {
			isa = PBXResourcesBuildPhase;
			buildActionMask = 2147483647;
			files = (
				B6FDF9FC2DC7F05200F4A0CF /* Assets.xcassets in Resources */,
			);
			runOnlyForDeploymentPostprocessing = 0;
		};
/* End PBXResourcesBuildPhase section */

/* Begin PBXSourcesBuildPhase section */
		B6FDF9CA2DC7E1BD00F4A0CF /* Sources */ = {
			isa = PBXSourcesBuildPhase;
			buildActionMask = 2147483647;
			files = (
				B6FDF9F82DC7EB5E00F4A0CF /* WinTheDayViewModel.swift in Sources */,
				B6FDF9F92DC7EB5E00F4A0CF /* WinTheDayView.swift in Sources */,
				B6CCF3E72DD0FB3D00EFF960 /* TeamMember.swift in Sources */,
				B6DC8C932DD0271A0018BC57 /* StudyGroupApp.swift in Sources */,
				B6C200172DCEDE53007D7BF6 /* CloudKitDebugView.swift in Sources */,
				B6C200152DCD88C5007D7BF6 /* CloudKitTestPusher.swift in Sources */,
				B6C200132DCD8706007D7BF6 /* CloudKitProbeView.swift in Sources */,
				B64453E42DCC4646002D4FCB /* CloudKitManager.swift in Sources */,
			);
			runOnlyForDeploymentPostprocessing = 0;
		};
/* End PBXSourcesBuildPhase section */

/* Begin XCBuildConfiguration section */
		B6FDF9D72DC7E1BD00F4A0CF /* Debug */ = {
			isa = XCBuildConfiguration;
			buildSettings = {
				ALWAYS_SEARCH_USER_PATHS = NO;
				ASSETCATALOG_COMPILER_GENERATE_SWIFT_ASSET_SYMBOL_EXTENSIONS = YES;
				CLANG_ANALYZER_NONNULL = YES;
				CLANG_ANALYZER_NUMBER_OBJECT_CONVERSION = YES_AGGRESSIVE;
				CLANG_CXX_LANGUAGE_STANDARD = "gnu++20";
				CLANG_ENABLE_MODULES = YES;
				CLANG_ENABLE_OBJC_ARC = YES;
				CLANG_ENABLE_OBJC_WEAK = YES;
				CLANG_WARN_BLOCK_CAPTURE_AUTORELEASING = YES;
				CLANG_WARN_BOOL_CONVERSION = YES;
				CLANG_WARN_COMMA = YES;
				CLANG_WARN_CONSTANT_CONVERSION = YES;
				CLANG_WARN_DEPRECATED_OBJC_IMPLEMENTATIONS = YES;
				CLANG_WARN_DIRECT_OBJC_ISA_USAGE = YES_ERROR;
				CLANG_WARN_DOCUMENTATION_COMMENTS = YES;
				CLANG_WARN_EMPTY_BODY = YES;
				CLANG_WARN_ENUM_CONVERSION = YES;
				CLANG_WARN_INFINITE_RECURSION = YES;
				CLANG_WARN_INT_CONVERSION = YES;
				CLANG_WARN_NON_LITERAL_NULL_CONVERSION = YES;
				CLANG_WARN_OBJC_IMPLICIT_RETAIN_SELF = YES;
				CLANG_WARN_OBJC_LITERAL_CONVERSION = YES;
				CLANG_WARN_OBJC_ROOT_CLASS = YES_ERROR;
				CLANG_WARN_QUOTED_INCLUDE_IN_FRAMEWORK_HEADER = YES;
				CLANG_WARN_RANGE_LOOP_ANALYSIS = YES;
				CLANG_WARN_STRICT_PROTOTYPES = YES;
				CLANG_WARN_SUSPICIOUS_MOVE = YES;
				CLANG_WARN_UNGUARDED_AVAILABILITY = YES_AGGRESSIVE;
				CLANG_WARN_UNREACHABLE_CODE = YES;
				CLANG_WARN__DUPLICATE_METHOD_MATCH = YES;
				COPY_PHASE_STRIP = NO;
				DEBUG_INFORMATION_FORMAT = dwarf;
				ENABLE_STRICT_OBJC_MSGSEND = YES;
				ENABLE_TESTABILITY = YES;
				ENABLE_USER_SCRIPT_SANDBOXING = YES;
				GCC_C_LANGUAGE_STANDARD = gnu17;
				GCC_DYNAMIC_NO_PIC = NO;
				GCC_NO_COMMON_BLOCKS = YES;
				GCC_OPTIMIZATION_LEVEL = 0;
				GCC_PREPROCESSOR_DEFINITIONS = (
					"DEBUG=1",
					"$(inherited)",
				);
				GCC_WARN_64_TO_32_BIT_CONVERSION = YES;
				GCC_WARN_ABOUT_RETURN_TYPE = YES_ERROR;
				GCC_WARN_UNDECLARED_SELECTOR = YES;
				GCC_WARN_UNINITIALIZED_AUTOS = YES_AGGRESSIVE;
				GCC_WARN_UNUSED_FUNCTION = YES;
				GCC_WARN_UNUSED_VARIABLE = YES;
				IPHONEOS_DEPLOYMENT_TARGET = 18.4;
				LOCALIZATION_PREFERS_STRING_CATALOGS = YES;
				MTL_ENABLE_DEBUG_INFO = INCLUDE_SOURCE;
				MTL_FAST_MATH = YES;
				ONLY_ACTIVE_ARCH = YES;
				SDKROOT = iphoneos;
				SWIFT_ACTIVE_COMPILATION_CONDITIONS = "DEBUG $(inherited)";
				SWIFT_OPTIMIZATION_LEVEL = "-Onone";
			};
			name = Debug;
		};
		B6FDF9D82DC7E1BD00F4A0CF /* Release */ = {
			isa = XCBuildConfiguration;
			buildSettings = {
				ALWAYS_SEARCH_USER_PATHS = NO;
				ASSETCATALOG_COMPILER_GENERATE_SWIFT_ASSET_SYMBOL_EXTENSIONS = YES;
				CLANG_ANALYZER_NONNULL = YES;
				CLANG_ANALYZER_NUMBER_OBJECT_CONVERSION = YES_AGGRESSIVE;
				CLANG_CXX_LANGUAGE_STANDARD = "gnu++20";
				CLANG_ENABLE_MODULES = YES;
				CLANG_ENABLE_OBJC_ARC = YES;
				CLANG_ENABLE_OBJC_WEAK = YES;
				CLANG_WARN_BLOCK_CAPTURE_AUTORELEASING = YES;
				CLANG_WARN_BOOL_CONVERSION = YES;
				CLANG_WARN_COMMA = YES;
				CLANG_WARN_CONSTANT_CONVERSION = YES;
				CLANG_WARN_DEPRECATED_OBJC_IMPLEMENTATIONS = YES;
				CLANG_WARN_DIRECT_OBJC_ISA_USAGE = YES_ERROR;
				CLANG_WARN_DOCUMENTATION_COMMENTS = YES;
				CLANG_WARN_EMPTY_BODY = YES;
				CLANG_WARN_ENUM_CONVERSION = YES;
				CLANG_WARN_INFINITE_RECURSION = YES;
				CLANG_WARN_INT_CONVERSION = YES;
				CLANG_WARN_NON_LITERAL_NULL_CONVERSION = YES;
				CLANG_WARN_OBJC_IMPLICIT_RETAIN_SELF = YES;
				CLANG_WARN_OBJC_LITERAL_CONVERSION = YES;
				CLANG_WARN_OBJC_ROOT_CLASS = YES_ERROR;
				CLANG_WARN_QUOTED_INCLUDE_IN_FRAMEWORK_HEADER = YES;
				CLANG_WARN_RANGE_LOOP_ANALYSIS = YES;
				CLANG_WARN_STRICT_PROTOTYPES = YES;
				CLANG_WARN_SUSPICIOUS_MOVE = YES;
				CLANG_WARN_UNGUARDED_AVAILABILITY = YES_AGGRESSIVE;
				CLANG_WARN_UNREACHABLE_CODE = YES;
				CLANG_WARN__DUPLICATE_METHOD_MATCH = YES;
				COPY_PHASE_STRIP = NO;
				DEBUG_INFORMATION_FORMAT = "dwarf-with-dsym";
				ENABLE_NS_ASSERTIONS = NO;
				ENABLE_STRICT_OBJC_MSGSEND = YES;
				ENABLE_USER_SCRIPT_SANDBOXING = YES;
				GCC_C_LANGUAGE_STANDARD = gnu17;
				GCC_NO_COMMON_BLOCKS = YES;
				GCC_WARN_64_TO_32_BIT_CONVERSION = YES;
				GCC_WARN_ABOUT_RETURN_TYPE = YES_ERROR;
				GCC_WARN_UNDECLARED_SELECTOR = YES;
				GCC_WARN_UNINITIALIZED_AUTOS = YES_AGGRESSIVE;
				GCC_WARN_UNUSED_FUNCTION = YES;
				GCC_WARN_UNUSED_VARIABLE = YES;
				IPHONEOS_DEPLOYMENT_TARGET = 18.4;
				LOCALIZATION_PREFERS_STRING_CATALOGS = YES;
				MTL_ENABLE_DEBUG_INFO = NO;
				MTL_FAST_MATH = YES;
				SDKROOT = iphoneos;
				SWIFT_COMPILATION_MODE = wholemodule;
				VALIDATE_PRODUCT = YES;
			};
			name = Release;
		};
		B6FDF9DA2DC7E1BD00F4A0CF /* Debug */ = {
			isa = XCBuildConfiguration;
			buildSettings = {
				ASSETCATALOG_COMPILER_APPICON_NAME = AppIcon;
				ASSETCATALOG_COMPILER_GLOBAL_ACCENT_COLOR_NAME = AccentColor;
				CLANG_ENABLE_MODULES = YES;
				CODE_SIGN_ENTITLEMENTS = Outcast/Outcast.entitlements;
				"CODE_SIGN_IDENTITY[sdk=iphoneos*]" = "iPhone Developer";
				CODE_SIGN_STYLE = Manual;
				CURRENT_PROJECT_VERSION = 1;
				DEVELOPMENT_TEAM = "";
				"DEVELOPMENT_TEAM[sdk=iphoneos*]" = 9VBRJ595EC;
				ENABLE_PREVIEWS = YES;
				GENERATE_INFOPLIST_FILE = YES;
				INFOPLIST_KEY_UIApplicationSceneManifest_Generation = YES;
				INFOPLIST_KEY_UIApplicationSupportsIndirectInputEvents = YES;
				INFOPLIST_KEY_UILaunchScreen_Generation = YES;
				INFOPLIST_KEY_UISupportedInterfaceOrientations_iPad = "UIInterfaceOrientationPortrait UIInterfaceOrientationPortraitUpsideDown UIInterfaceOrientationLandscapeLeft UIInterfaceOrientationLandscapeRight";
				INFOPLIST_KEY_UISupportedInterfaceOrientations_iPhone = "UIInterfaceOrientationPortrait UIInterfaceOrientationLandscapeLeft UIInterfaceOrientationLandscapeRight";
				IPHONEOS_DEPLOYMENT_TARGET = 15.6;
				LD_RUNPATH_SEARCH_PATHS = (
					"$(inherited)",
					"@executable_path/Frameworks",
				);
				MARKETING_VERSION = 1.0;
				PRODUCT_BUNDLE_IDENTIFIER = com.dj.Outcast;
				PRODUCT_NAME = "$(TARGET_NAME)";
				PROVISIONING_PROFILE_SPECIFIER = "";
				"PROVISIONING_PROFILE_SPECIFIER[sdk=iphoneos*]" = OutcastFinalFix;
				SWIFT_EMIT_LOC_STRINGS = YES;
				SWIFT_OPTIMIZATION_LEVEL = "-Onone";
				SWIFT_VERSION = 5.0;
				TARGETED_DEVICE_FAMILY = "1,2";
			};
			name = Debug;
		};
		B6FDF9DB2DC7E1BD00F4A0CF /* Release */ = {
			isa = XCBuildConfiguration;
			buildSettings = {
				ASSETCATALOG_COMPILER_APPICON_NAME = AppIcon;
				ASSETCATALOG_COMPILER_GLOBAL_ACCENT_COLOR_NAME = AccentColor;
				CLANG_ENABLE_MODULES = YES;
				CODE_SIGN_ENTITLEMENTS = Outcast/Outcast.entitlements;
				"CODE_SIGN_IDENTITY[sdk=iphoneos*]" = "iPhone Developer";
				CODE_SIGN_STYLE = Manual;
				CURRENT_PROJECT_VERSION = 1;
				DEVELOPMENT_TEAM = "";
				"DEVELOPMENT_TEAM[sdk=iphoneos*]" = 9VBRJ595EC;
				ENABLE_PREVIEWS = YES;
				GENERATE_INFOPLIST_FILE = YES;
				INFOPLIST_KEY_UIApplicationSceneManifest_Generation = YES;
				INFOPLIST_KEY_UIApplicationSupportsIndirectInputEvents = YES;
				INFOPLIST_KEY_UILaunchScreen_Generation = YES;
				INFOPLIST_KEY_UISupportedInterfaceOrientations_iPad = "UIInterfaceOrientationPortrait UIInterfaceOrientationPortraitUpsideDown UIInterfaceOrientationLandscapeLeft UIInterfaceOrientationLandscapeRight";
				INFOPLIST_KEY_UISupportedInterfaceOrientations_iPhone = "UIInterfaceOrientationPortrait UIInterfaceOrientationLandscapeLeft UIInterfaceOrientationLandscapeRight";
				IPHONEOS_DEPLOYMENT_TARGET = 15.6;
				LD_RUNPATH_SEARCH_PATHS = (
					"$(inherited)",
					"@executable_path/Frameworks",
				);
				MARKETING_VERSION = 1.0;
				PRODUCT_BUNDLE_IDENTIFIER = com.dj.Outcast;
				PRODUCT_NAME = "$(TARGET_NAME)";
				PROVISIONING_PROFILE_SPECIFIER = "";
				"PROVISIONING_PROFILE_SPECIFIER[sdk=iphoneos*]" = OutcastFinalFix;
				SWIFT_EMIT_LOC_STRINGS = YES;
				SWIFT_VERSION = 5.0;
				TARGETED_DEVICE_FAMILY = "1,2";
			};
			name = Release;
		};
/* End XCBuildConfiguration section */

/* Begin XCConfigurationList section */
		B6FDF9C92DC7E1BD00F4A0CF /* Build configuration list for PBXProject "Outcast" */ = {
			isa = XCConfigurationList;
			buildConfigurations = (
				B6FDF9D72DC7E1BD00F4A0CF /* Debug */,
				B6FDF9D82DC7E1BD00F4A0CF /* Release */,
			);
			defaultConfigurationIsVisible = 0;
			defaultConfigurationName = Release;
		};
		B6FDF9D92DC7E1BD00F4A0CF /* Build configuration list for PBXNativeTarget "Outcast" */ = {
			isa = XCConfigurationList;
			buildConfigurations = (
				B6FDF9DA2DC7E1BD00F4A0CF /* Debug */,
				B6FDF9DB2DC7E1BD00F4A0CF /* Release */,
			);
			defaultConfigurationIsVisible = 0;
			defaultConfigurationName = Release;
		};
/* End XCConfigurationList section */
	};
	rootObject = B6FDF9C62DC7E1BD00F4A0CF /* Project object */;
}
